
Microsoft Visual Studio Solution File, Format Version 12.00
# Visual Studio Version 16
VisualStudioVersion = 16.0.30011.22
MinimumVisualStudioVersion = 10.0.40219.1
Project("{FAE04EC0-301F-11D3-BF4B-00C04F79EFBC}") = "ConsoleApp1", "ConsoleApp1.csproj", "{9E92B5C2-8666-4CA3-A3AD-89F8B39A681D}"
EndProject
Project("{FAE04EC0-301F-11D3-BF4B-00C04F79EFBC}") = "PlugBase", "..\PlugBase\PlugBase.csproj", "{35A69C69-3803-41A0-9CA5-E3D45CCEEA53}"
EndProject
Project("{FAE04EC0-301F-11D3-BF4B-00C04F79EFBC}") = "SeparatePlugin1", "..\SeparatePlugin1\SeparatePlugin1.csproj", "{C6092324-5144-4D65-81E3-8226290CC862}"
EndProject
Global
	GlobalSection(SolutionConfigurationPlatforms) = preSolution
		Debug|Any CPU = Debug|Any CPU
		Release|Any CPU = Release|Any CPU
	EndGlobalSection
	GlobalSection(ProjectConfigurationPlatforms) = postSolution
		{9E92B5C2-8666-4CA3-A3AD-89F8B39A681D}.Debug|Any CPU.ActiveCfg = Debug|Any CPU
		{9E92B5C2-8666-4CA3-A3AD-89F8B39A681D}.Debug|Any CPU.Build.0 = Debug|Any CPU
		{9E92B5C2-8666-4CA3-A3AD-89F8B39A681D}.Release|Any CPU.ActiveCfg = Release|Any CPU
		{9E92B5C2-8666-4CA3-A3AD-89F8B39A681D}.Release|Any CPU.Build.0 = Release|Any CPU
		{35A69C69-3803-41A0-9CA5-E3D45CCEEA53}.Debug|Any CPU.ActiveCfg = Debug|Any CPU
		{35A69C69-3803-41A0-9CA5-E3D45CCEEA53}.Debug|Any CPU.Build.0 = Debug|Any CPU
		{35A69C69-3803-41A0-9CA5-E3D45CCEEA53}.Release|Any CPU.ActiveCfg = Release|Any CPU
		{35A69C69-3803-41A0-9CA5-E3D45CCEEA53}.Release|Any CPU.Build.0 = Release|Any CPU
		{C6092324-5144-4D65-81E3-8226290CC862}.Debug|Any CPU.ActiveCfg = Debug|Any CPU
		{C6092324-5144-4D65-81E3-8226290CC862}.Debug|Any CPU.Build.0 = Debug|Any CPU
		{C6092324-5144-4D65-81E3-8226290CC862}.Release|Any CPU.ActiveCfg = Release|Any CPU
		{C6092324-5144-4D65-81E3-8226290CC862}.Release|Any CPU.Build.0 = Release|Any CPU
	EndGlobalSection
	GlobalSection(SolutionProperties) = preSolution
		HideSolutionNode = FALSE
	EndGlobalSection
	GlobalSection(ExtensibilityGlobals) = postSolution
		SolutionGuid = {AAC647E9-F736-460C-8E6F-39180E7FE0B1}
	EndGlobalSection
EndGlobal
